Microsoft Visual Studio Solution File, Format Version 11.00
# Visual Studio 2008

Project("{6BBBD8EF-0467-3578-86C9-0BD4C8020F5E}") = "Demo3", "Assembly-CSharp.csproj", "{93707F98-2F64-A58D-DD7D-936830A5F08C}"
EndProject
Global
	GlobalSection(SolutionConfigurationPlatforms) = preSolution
		Debug|Any CPU = Debug|Any CPU
		Release|Any CPU = Release|Any CPU
	EndGlobalSection
	GlobalSection(ProjectConfigurationPlatforms) = postSolution
		{93707F98-2F64-A58D-DD7D-936830A5F08C}.Debug|Any CPU.ActiveCfg = Debug|Any CPU
		{93707F98-2F64-A58D-DD7D-936830A5F08C}.Debug|Any CPU.Build.0 = Debug|Any CPU
		{93707F98-2F64-A58D-DD7D-936830A5F08C}.Release|Any CPU.ActiveCfg = Release|Any CPU
		{93707F98-2F64-A58D-DD7D-936830A5F08C}.Release|Any CPU.Build.0 = Release|Any CPU
	EndGlobalSection
	GlobalSection(SolutionProperties) = preSolution
		HideSolutionNode = FALSE
	EndGlobalSection
	GlobalSection(MonoDevelopProperties) = preSolution
		StartupItem = Assembly-CSharp.csproj
	EndGlobalSection
EndGlobal
